# This file is automatically @generated by Cargo.
# It is not intended for manual editing.
version = 4

[[package]]
name = "autocfg"
version = "1.5.0"
source = "registry+https://github.com/rust-lang/crates.io-index"
checksum = "c08606f8c3cbf4ce6ec8e28fb0014a2c086708fe954eaa885384a6165172e7e8"

[[package]]
name = "bitflags"
version = "1.3.2"
source = "registry+https://github.com/rust-lang/crates.io-index"
checksum = "bef38d45163c2f1dde094a7dfd33ccf595c92905c8f8f4fdc18d06fb1037718a"

[[package]]
name = "glam"
version = "0.32.0"
source = "registry+https://github.com/rust-lang/crates.io-index"
checksum = "34627c5158214743a374170fed714833fdf4e4b0cbcc1ea98417866a4c5d4441"
dependencies = [
 "libm",
]

[[package]]
name = "libm"
version = "0.2.16"
source = "registry+https://github.com/rust-lang/crates.io-index"
checksum = "b6d2cec3eae94f9f509c767b45932f1ada8350c4bdb85af2fcab4a3c14807981"

[[package]]
name = "num-traits"
version = "0.2.19"
source = "registry+https://github.com/rust-lang/crates.io-index"
checksum = "071dfc062690e90b734c0b2273ce72ad0ffa95f0c74596bc250dcfd960262841"
dependencies = [
 "autocfg",
 "libm",
]

[[package]]
name = "proc-macro2"
version = "1.0.106"
source = "registry+https://github.com/rust-lang/crates.io-index"
checksum = "8fd00f0bb2e90d81d1044c2b32617f68fcb9fa3bb7640c23e9c748e53fb30934"
dependencies = [
 "unicode-ident",
]

[[package]]
name = "quote"
version = "1.0.44"
source = "registry+https://github.com/rust-lang/crates.io-index"
checksum = "21b2ebcf727b7760c461f091f9f0f539b77b8e87f2fd88131e7f1b433b3cece4"
dependencies = [
 "proc-macro2",
]

[[package]]
name = "rmesh-shaders"
version = "0.1.0"
dependencies = [
 "glam",
 "spirv-std",
]

[[package]]
name = "spirv-std"
version = "0.9.0"
source = "git+https://github.com/Rust-GPU/rust-gpu.git#f8ac1a7791f203a9f9f9f325f20fe4c331886c6d"
dependencies = [
 "bitflags",
 "glam",
 "libm",
 "num-traits",
 "spirv-std-macros",
 "spirv-std-types",
]

[[package]]
name = "spirv-std-macros"
version = "0.9.0"
source = "git+https://github.com/Rust-GPU/rust-gpu.git#f8ac1a7791f203a9f9f9f325f20fe4c331886c6d"
dependencies = [
 "proc-macro2",
 "quote",
 "spirv-std-types",
 "syn",
]

[[package]]
name = "spirv-std-types"
version = "0.9.0"
source = "git+https://github.com/Rust-GPU/rust-gpu.git#f8ac1a7791f203a9f9f9f325f20fe4c331886c6d"

[[package]]
name = "syn"
version = "2.0.117"
source = "registry+https://github.com/rust-lang/crates.io-index"
checksum = "e665b8803e7b1d2a727f4023456bbbbe74da67099c585258af0ad9c5013b9b99"
dependencies = [
 "proc-macro2",
 "quote",
 "unicode-ident",
]

[[package]]
name = "unicode-ident"
version = "1.0.24"
source = "registry+https://github.com/rust-lang/crates.io-index"
checksum = "e6e4313cd5fcd3dad5cafa179702e2b244f760991f45397d14d4ebf38247da75"
